// !$*UTF8*$!
{
	archiveVersion = 1;
	classes = {
	};
	objectVersion = 50;
	objects = {

/* Begin PBXBuildFile section */
		7299C8D325A2D21400D054F5 /* LandmarksApp.swift in Sources */ = {isa = PBXBuildFile; fileRef = 7299C8D225A2D21400D054F5 /* LandmarksApp.swift */; };
		7299C8D525A2D21400D054F5 /* ContentView.swift in Sources */ = {isa = PBXBuildFile; fileRef = 7299C8D425A2D21400D054F5 /* ContentView.swift */; };
		7299C8D725A2D21400D054F5 /* Assets.xcassets in Resources */ = {isa = PBXBuildFile; fileRef = 7299C8D625A2D21400D054F5 /* Assets.xcassets */; };
		7299C8DA25A2D21400D054F5 /* Preview Assets.xcassets in Resources */ = {isa = PBXBuildFile; fileRef = 7299C8D925A2D21400D054F5 /* Preview Assets.xcassets */; };
		7299C8E325A2DA2300D054F5 /* CircleImage.swift in Sources */ = {isa = PBXBuildFile; fileRef = 7299C8E225A2DA2300D054F5 /* CircleImage.swift */; };
		7299C8E625A2DB8A00D054F5 /* MapView.swift in Sources */ = {isa = PBXBuildFile; fileRef = 7299C8E525A2DB8A00D054F5 /* MapView.swift */; };
		7299C8E925A2E77900D054F5 /* landmarkData.json in Resources */ = {isa = PBXBuildFile; fileRef = 7299C8E825A2E77900D054F5 /* landmarkData.json */; };
		7299C8EC25A2E79900D054F5 /* Landmark.swift in Sources */ = {isa = PBXBuildFile; fileRef = 7299C8EB25A2E79900D054F5 /* Landmark.swift */; };
		7299C8EF25A2E94300D054F5 /* ModelData.swift in Sources */ = {isa = PBXBuildFile; fileRef = 7299C8EE25A2E94300D054F5 /* ModelData.swift */; };
		7299C8F825A2EA9700D054F5 /* LandmarkRow.swift in Sources */ = {isa = PBXBuildFile; fileRef = 7299C8F725A2EA9700D054F5 /* LandmarkRow.swift */; };
		7299C8FB25A2EE7D00D054F5 /* LandmarkList.swift in Sources */ = {isa = PBXBuildFile; fileRef = 7299C8FA25A2EE7D00D054F5 /* LandmarkList.swift */; };
		7299C8FE25A2F03E00D054F5 /* LandmarkDetail.swift in Sources */ = {isa = PBXBuildFile; fileRef = 7299C8FD25A2F03E00D054F5 /* LandmarkDetail.swift */; };
		7299C90125A32F1500D054F5 /* FavoriteButton.swift in Sources */ = {isa = PBXBuildFile; fileRef = 7299C90025A32F1500D054F5 /* FavoriteButton.swift */; };
		72CBE1CF25A56BE6003E4FD8 /* CategoryHome.swift in Sources */ = {isa = PBXBuildFile; fileRef = 72CBE1CE25A56BE6003E4FD8 /* CategoryHome.swift */; };
		72CBE1D225A59E44003E4FD8 /* CategoryRow.swift in Sources */ = {isa = PBXBuildFile; fileRef = 72CBE1D125A59E44003E4FD8 /* CategoryRow.swift */; };
		72CBE1D525A59FFB003E4FD8 /* CategoryItem.swift in Sources */ = {isa = PBXBuildFile; fileRef = 72CBE1D425A59FFB003E4FD8 /* CategoryItem.swift */; };
		72CBE1DB25A6C7D1003E4FD8 /* Profile.swift in Sources */ = {isa = PBXBuildFile; fileRef = 72CBE1DA25A6C7D1003E4FD8 /* Profile.swift */; };
		72CBE1DF25A6C823003E4FD8 /* ProfileHost.swift in Sources */ = {isa = PBXBuildFile; fileRef = 72CBE1DE25A6C823003E4FD8 /* ProfileHost.swift */; };
		72CBE1E225A6C8FA003E4FD8 /* ProfileSummary.swift in Sources */ = {isa = PBXBuildFile; fileRef = 72CBE1E125A6C8FA003E4FD8 /* ProfileSummary.swift */; };
		72CBE1E525A6C9B7003E4FD8 /* HikeBadge.swift in Sources */ = {isa = PBXBuildFile; fileRef = 72CBE1E425A6C9B7003E4FD8 /* HikeBadge.swift */; };
		72CBE1E825A6CD9B003E4FD8 /* ProfileEditor.swift in Sources */ = {isa = PBXBuildFile; fileRef = 72CBE1E725A6CD9B003E4FD8 /* ProfileEditor.swift */; };
		72DB309E25A4148600D30524 /* BadgeSymbol.swift in Sources */ = {isa = PBXBuildFile; fileRef = 72DB309D25A4148600D30524 /* BadgeSymbol.swift */; };
		72DB30A125A414C800D30524 /* RotatedBadgeSymbol.swift in Sources */ = {isa = PBXBuildFile; fileRef = 72DB30A025A414C800D30524 /* RotatedBadgeSymbol.swift */; };
		72DB30A425A415F100D30524 /* Badge.swift in Sources */ = {isa = PBXBuildFile; fileRef = 72DB30A325A415F100D30524 /* Badge.swift */; };
		72DB30A925A41E5500D30524 /* hikeData.json in Resources */ = {isa = PBXBuildFile; fileRef = 72DB30A825A41E5500D30524 /* hikeData.json */; };
		72DB30AC25A41E7700D30524 /* Hike.swift in Sources */ = {isa = PBXBuildFile; fileRef = 72DB30AB25A41E7700D30524 /* Hike.swift */; };
		72DB30BC25A41F2F00D30524 /* GraphCapsule.swift in Sources */ = {isa = PBXBuildFile; fileRef = 72DB30B825A41F2F00D30524 /* GraphCapsule.swift */; };
		72DB30BD25A41F2F00D30524 /* HikeGraph.swift in Sources */ = {isa = PBXBuildFile; fileRef = 72DB30B925A41F2F00D30524 /* HikeGraph.swift */; };
		72DB30BE25A41F2F00D30524 /* HikeDetail.swift in Sources */ = {isa = PBXBuildFile; fileRef = 72DB30BA25A41F2F00D30524 /* HikeDetail.swift */; };
		72DB30BF25A41F2F00D30524 /* HikeView.swift in Sources */ = {isa = PBXBuildFile; fileRef = 72DB30BB25A41F2F00D30524 /* HikeView.swift */; };
		72E5316F25A40F2600CCA257 /* BadgeBackground.swift in Sources */ = {isa = PBXBuildFile; fileRef = 72E5316E25A40F2600CCA257 /* BadgeBackground.swift */; };
		72E5317225A4113200CCA257 /* HexagonParameters.swift in Sources */ = {isa = PBXBuildFile; fileRef = 72E5317125A4113200CCA257 /* HexagonParameters.swift */; };
/* End PBXBuildFile section */

/* Begin PBXFileReference section */
		7299C8CF25A2D21400D054F5 /* Landmarks.app */ = {isa = PBXFileReference; explicitFileType = wrapper.application; includeInIndex = 0; path = Landmarks.app; sourceTree = BUILT_PRODUCTS_DIR; };
		7299C8D225A2D21400D054F5 /* LandmarksApp.swift */ = {isa = PBXFileReference; lastKnownFileType = sourcecode.swift; path = LandmarksApp.swift; sourceTree = "<group>"; };
		7299C8D425A2D21400D054F5 /* ContentView.swift */ = {isa = PBXFileReference; lastKnownFileType = sourcecode.swift; path = ContentView.swift; sourceTree = "<group>"; };
		7299C8D625A2D21400D054F5 /* Assets.xcassets */ = {isa = PBXFileReference; lastKnownFileType = folder.assetcatalog; path = Assets.xcassets; sourceTree = "<group>"; };
		7299C8D925A2D21400D054F5 /* Preview Assets.xcassets */ = {isa = PBXFileReference; lastKnownFileType = folder.assetcatalog; path = "Preview Assets.xcassets"; sourceTree = "<group>"; };
		7299C8DB25A2D21400D054F5 /* Info.plist */ = {isa = PBXFileReference; lastKnownFileType = text.plist.xml; path = Info.plist; sourceTree = "<group>"; };
		7299C8E225A2DA2300D054F5 /* CircleImage.swift */ = {isa = PBXFileReference; lastKnownFileType = sourcecode.swift; path = CircleImage.swift; sourceTree = "<group>"; };
		7299C8E525A2DB8A00D054F5 /* MapView.swift */ = {isa = PBXFileReference; lastKnownFileType = sourcecode.swift; path = MapView.swift; sourceTree = "<group>"; };
		7299C8E825A2E77900D054F5 /* landmarkData.json */ = {isa = PBXFileReference; fileEncoding = 4; lastKnownFileType = text.json; path = landmarkData.json; sourceTree = "<group>"; };
		7299C8EB25A2E79900D054F5 /* Landmark.swift */ = {isa = PBXFileReference; lastKnownFileType = sourcecode.swift; path = Landmark.swift; sourceTree = "<group>"; };
		7299C8EE25A2E94300D054F5 /* ModelData.swift */ = {isa = PBXFileReference; lastKnownFileType = sourcecode.swift; path = ModelData.swift; sourceTree = "<group>"; };
		7299C8F725A2EA9700D054F5 /* LandmarkRow.swift */ = {isa = PBXFileReference; lastKnownFileType = sourcecode.swift; path = LandmarkRow.swift; sourceTree = "<group>"; };
		7299C8FA25A2EE7D00D054F5 /* LandmarkList.swift */ = {isa = PBXFileReference; lastKnownFileType = sourcecode.swift; path = LandmarkList.swift; sourceTree = "<group>"; };
		7299C8FD25A2F03E00D054F5 /* LandmarkDetail.swift */ = {isa = PBXFileReference; lastKnownFileType = sourcecode.swift; path = LandmarkDetail.swift; sourceTree = "<group>"; };
		7299C90025A32F1500D054F5 /* FavoriteButton.swift */ = {isa = PBXFileReference; lastKnownFileType = sourcecode.swift; path = FavoriteButton.swift; sourceTree = "<group>"; };
		72CBE1CE25A56BE6003E4FD8 /* CategoryHome.swift */ = {isa = PBXFileReference; lastKnownFileType = sourcecode.swift; path = CategoryHome.swift; sourceTree = "<group>"; };
		72CBE1D125A59E44003E4FD8 /* CategoryRow.swift */ = {isa = PBXFileReference; lastKnownFileType = sourcecode.swift; path = CategoryRow.swift; sourceTree = "<group>"; };
		72CBE1D425A59FFB003E4FD8 /* CategoryItem.swift */ = {isa = PBXFileReference; lastKnownFileType = sourcecode.swift; path = CategoryItem.swift; sourceTree = "<group>"; };
		72CBE1DA25A6C7D1003E4FD8 /* Profile.swift */ = {isa = PBXFileReference; lastKnownFileType = sourcecode.swift; path = Profile.swift; sourceTree = "<group>"; };
		72CBE1DE25A6C823003E4FD8 /* ProfileHost.swift */ = {isa = PBXFileReference; lastKnownFileType = sourcecode.swift; path = ProfileHost.swift; sourceTree = "<group>"; };
		72CBE1E125A6C8FA003E4FD8 /* ProfileSummary.swift */ = {isa = PBXFileReference; lastKnownFileType = sourcecode.swift; path = ProfileSummary.swift; sourceTree = "<group>"; };
		72CBE1E425A6C9B7003E4FD8 /* HikeBadge.swift */ = {isa = PBXFileReference; lastKnownFileType = sourcecode.swift; path = HikeBadge.swift; sourceTree = "<group>"; };
		72CBE1E725A6CD9B003E4FD8 /* ProfileEditor.swift */ = {isa = PBXFileReference; lastKnownFileType = sourcecode.swift; path = ProfileEditor.swift; sourceTree = "<group>"; };
		72DB309D25A4148600D30524 /* BadgeSymbol.swift */ = {isa = PBXFileReference; lastKnownFileType = sourcecode.swift; path = BadgeSymbol.swift; sourceTree = "<group>"; };
		72DB30A025A414C800D30524 /* RotatedBadgeSymbol.swift */ = {isa = PBXFileReference; lastKnownFileType = sourcecode.swift; path = RotatedBadgeSymbol.swift; sourceTree = "<group>"; };
		72DB30A325A415F100D30524 /* Badge.swift */ = {isa = PBXFileReference; lastKnownFileType = sourcecode.swift; path = Badge.swift; sourceTree = "<group>"; };
		72DB30A825A41E5500D30524 /* hikeData.json */ = {isa = PBXFileReference; fileEncoding = 4; lastKnownFileType = text.json; path = hikeData.json; sourceTree = "<group>"; };
		72DB30AB25A41E7700D30524 /* Hike.swift */ = {isa = PBXFileReference; lastKnownFileType = sourcecode.swift; path = Hike.swift; sourceTree = "<group>"; };
		72DB30B825A41F2F00D30524 /* GraphCapsule.swift */ = {isa = PBXFileReference; fileEncoding = 4; lastKnownFileType = sourcecode.swift; path = GraphCapsule.swift; sourceTree = "<group>"; };
		72DB30B925A41F2F00D30524 /* HikeGraph.swift */ = {isa = PBXFileReference; fileEncoding = 4; lastKnownFileType = sourcecode.swift; path = HikeGraph.swift; sourceTree = "<group>"; };
		72DB30BA25A41F2F00D30524 /* HikeDetail.swift */ = {isa = PBXFileReference; fileEncoding = 4; lastKnownFileType = sourcecode.swift; path = HikeDetail.swift; sourceTree = "<group>"; };
		72DB30BB25A41F2F00D30524 /* HikeView.swift */ = {isa = PBXFileReference; fileEncoding = 4; lastKnownFileType = sourcecode.swift; path = HikeView.swift; sourceTree = "<group>"; };
		72E5316E25A40F2600CCA257 /* BadgeBackground.swift */ = {isa = PBXFileReference; lastKnownFileType = sourcecode.swift; path = BadgeBackground.swift; sourceTree = "<group>"; };
		72E5317125A4113200CCA257 /* HexagonParameters.swift */ = {isa = PBXFileReference; lastKnownFileType = sourcecode.swift; path = HexagonParameters.swift; sourceTree = "<group>"; };
/* End PBXFileReference section */

/* Begin PBXFrameworksBuildPhase section */
		7299C8CC25A2D21400D054F5 /* Frameworks */ = {
			isa = PBXFrameworksBuildPhase;
			buildActionMask = 2147483647;
			files = (
			);
			runOnlyForDeploymentPostprocessing = 0;
		};
/* End PBXFrameworksBuildPhase section */

/* Begin PBXGroup section */
		7299C8C625A2D21400D054F5 = {
			isa = PBXGroup;
			children = (
				7299C8D125A2D21400D054F5 /* Landmarks */,
				7299C8D025A2D21400D054F5 /* Products */,
			);
			sourceTree = "<group>";
		};
		7299C8D025A2D21400D054F5 /* Products */ = {
			isa = PBXGroup;
			children = (
				7299C8CF25A2D21400D054F5 /* Landmarks.app */,
			);
			name = Products;
			sourceTree = "<group>";
		};
		7299C8D125A2D21400D054F5 /* Landmarks */ = {
			isa = PBXGroup;
			children = (
				7299C8D225A2D21400D054F5 /* LandmarksApp.swift */,
				7299C8F125A2E9EA00D054F5 /* Views */,
				7299C8F325A2E9FF00D054F5 /* Model */,
				7299C8F525A2EA1200D054F5 /* Resources */,
				7299C8D625A2D21400D054F5 /* Assets.xcassets */,
				7299C8DB25A2D21400D054F5 /* Info.plist */,
				7299C8D825A2D21400D054F5 /* Preview Content */,
			);
			path = Landmarks;
			sourceTree = "<group>";
		};
		7299C8D825A2D21400D054F5 /* Preview Content */ = {
			isa = PBXGroup;
			children = (
				7299C8D925A2D21400D054F5 /* Preview Assets.xcassets */,
			);
			path = "Preview Content";
			sourceTree = "<group>";
		};
		7299C8F125A2E9EA00D054F5 /* Views */ = {
			isa = PBXGroup;
			children = (
				72CBE1DD25A6C811003E4FD8 /* Profiles */,
				72CBE1CD25A56B4C003E4FD8 /* Categories */,
				72DB30B725A41F2F00D30524 /* Hikes */,
				7299C90525A3303500D054F5 /* Helpers */,
				7299C90325A3302800D054F5 /* Landmarks */,
				7299C90025A32F1500D054F5 /* FavoriteButton.swift */,
				72DB30A625A4166300D30524 /* Badges */,
			);
			path = Views;
			sourceTree = "<group>";
		};
		7299C8F325A2E9FF00D054F5 /* Model */ = {
			isa = PBXGroup;
			children = (
				7299C8EB25A2E79900D054F5 /* Landmark.swift */,
				7299C8EE25A2E94300D054F5 /* ModelData.swift */,
				72DB30AB25A41E7700D30524 /* Hike.swift */,
				72CBE1DA25A6C7D1003E4FD8 /* Profile.swift */,
			);
			path = Model;
			sourceTree = "<group>";
		};
		7299C8F525A2EA1200D054F5 /* Resources */ = {
			isa = PBXGroup;
			children = (
				72DB30A825A41E5500D30524 /* hikeData.json */,
				7299C8E825A2E77900D054F5 /* landmarkData.json */,
			);
			path = Resources;
			sourceTree = "<group>";
		};
		7299C90325A3302800D054F5 /* Landmarks */ = {
			isa = PBXGroup;
			children = (
				7299C8F725A2EA9700D054F5 /* LandmarkRow.swift */,
				7299C8FA25A2EE7D00D054F5 /* LandmarkList.swift */,
				7299C8FD25A2F03E00D054F5 /* LandmarkDetail.swift */,
			);
			path = Landmarks;
			sourceTree = "<group>";
		};
		7299C90525A3303500D054F5 /* Helpers */ = {
			isa = PBXGroup;
			children = (
				7299C8D425A2D21400D054F5 /* ContentView.swift */,
				7299C8E225A2DA2300D054F5 /* CircleImage.swift */,
				7299C8E525A2DB8A00D054F5 /* MapView.swift */,
			);
			path = Helpers;
			sourceTree = "<group>";
		};
		72CBE1CD25A56B4C003E4FD8 /* Categories */ = {
			isa = PBXGroup;
			children = (
				72CBE1CE25A56BE6003E4FD8 /* CategoryHome.swift */,
				72CBE1D125A59E44003E4FD8 /* CategoryRow.swift */,
				72CBE1D425A59FFB003E4FD8 /* CategoryItem.swift */,
			);
			path = Categories;
			sourceTree = "<group>";
		};
		72CBE1DD25A6C811003E4FD8 /* Profiles */ = {
			isa = PBXGroup;
			children = (
				72CBE1DE25A6C823003E4FD8 /* ProfileHost.swift */,
				72CBE1E125A6C8FA003E4FD8 /* ProfileSummary.swift */,
				72CBE1E725A6CD9B003E4FD8 /* ProfileEditor.swift */,
			);
			path = Profiles;
			sourceTree = "<group>";
		};
		72DB30A625A4166300D30524 /* Badges */ = {
			isa = PBXGroup;
			children = (
				72E5316E25A40F2600CCA257 /* BadgeBackground.swift */,
				72E5317125A4113200CCA257 /* HexagonParameters.swift */,
				72DB309D25A4148600D30524 /* BadgeSymbol.swift */,
				72DB30A025A414C800D30524 /* RotatedBadgeSymbol.swift */,
				72DB30A325A415F100D30524 /* Badge.swift */,
			);
			path = Badges;
			sourceTree = "<group>";
		};
		72DB30B725A41F2F00D30524 /* Hikes */ = {
			isa = PBXGroup;
			children = (
				72DB30B825A41F2F00D30524 /* GraphCapsule.swift */,
				72DB30B925A41F2F00D30524 /* HikeGraph.swift */,
				72DB30BA25A41F2F00D30524 /* HikeDetail.swift */,
				72DB30BB25A41F2F00D30524 /* HikeView.swift */,
				72CBE1E425A6C9B7003E4FD8 /* HikeBadge.swift */,
			);
			path = Hikes;
			sourceTree = "<group>";
		};
/* End PBXGroup section */

/* Begin PBXNativeTarget section */
		7299C8CE25A2D21400D054F5 /* Landmarks */ = {
			isa = PBXNativeTarget;
			buildConfigurationList = 7299C8DE25A2D21400D054F5 /* Build configuration list for PBXNativeTarget "Landmarks" */;
			buildPhases = (
				7299C8CB25A2D21400D054F5 /* Sources */,
				7299C8CC25A2D21400D054F5 /* Frameworks */,
				7299C8CD25A2D21400D054F5 /* Resources */,
			);
			buildRules = (
			);
			dependencies = (
			);
			name = Landmarks;
			productName = Landmarks;
			productReference = 7299C8CF25A2D21400D054F5 /* Landmarks.app */;
			productType = "com.apple.product-type.application";
		};
/* End PBXNativeTarget section */

/* Begin PBXProject section */
		7299C8C725A2D21400D054F5 /* Project object */ = {
			isa = PBXProject;
			attributes = {
				LastSwiftUpdateCheck = 1230;
				LastUpgradeCheck = 1230;
				TargetAttributes = {
					7299C8CE25A2D21400D054F5 = {
						CreatedOnToolsVersion = 12.3;
					};
				};
			};
			buildConfigurationList = 7299C8CA25A2D21400D054F5 /* Build configuration list for PBXProject "Landmarks" */;
			compatibilityVersion = "Xcode 9.3";
			developmentRegion = en;
			hasScannedForEncodings = 0;
			knownRegions = (
				en,
				Base,
			);
			mainGroup = 7299C8C625A2D21400D054F5;
			productRefGroup = 7299C8D025A2D21400D054F5 /* Products */;
			projectDirPath = "";
			projectRoot = "";
			targets = (
				7299C8CE25A2D21400D054F5 /* Landmarks */,
			);
		};
/* End PBXProject section */

/* Begin PBXResourcesBuildPhase section */
		7299C8CD25A2D21400D054F5 /* Resources */ = {
			isa = PBXResourcesBuildPhase;
			buildActionMask = 2147483647;
			files = (
				72DB30A925A41E5500D30524 /* hikeData.json in Resources */,
				7299C8DA25A2D21400D054F5 /* Preview Assets.xcassets in Resources */,
				7299C8D725A2D21400D054F5 /* Assets.xcassets in Resources */,
				7299C8E925A2E77900D054F5 /* landmarkData.json in Resources */,
			);
			runOnlyForDeploymentPostprocessing = 0;
		};
/* End PBXResourcesBuildPhase section */

/* Begin PBXSourcesBuildPhase section */
		7299C8CB25A2D21400D054F5 /* Sources */ = {
			isa = PBXSourcesBuildPhase;
			buildActionMask = 2147483647;
			files = (
				72CBE1D225A59E44003E4FD8 /* CategoryRow.swift in Sources */,
				72CBE1DB25A6C7D1003E4FD8 /* Profile.swift in Sources */,
				72E5317225A4113200CCA257 /* HexagonParameters.swift in Sources */,
				72CBE1CF25A56BE6003E4FD8 /* CategoryHome.swift in Sources */,
				72DB30BD25A41F2F00D30524 /* HikeGraph.swift in Sources */,
				72DB30A425A415F100D30524 /* Badge.swift in Sources */,
				7299C8D525A2D21400D054F5 /* ContentView.swift in Sources */,
				72DB30BC25A41F2F00D30524 /* GraphCapsule.swift in Sources */,
				7299C8E625A2DB8A00D054F5 /* MapView.swift in Sources */,
				7299C8D325A2D21400D054F5 /* LandmarksApp.swift in Sources */,
				72CBE1D525A59FFB003E4FD8 /* CategoryItem.swift in Sources */,
				72DB30BE25A41F2F00D30524 /* HikeDetail.swift in Sources */,
				72CBE1E225A6C8FA003E4FD8 /* ProfileSummary.swift in Sources */,
				7299C90125A32F1500D054F5 /* FavoriteButton.swift in Sources */,
				72CBE1DF25A6C823003E4FD8 /* ProfileHost.swift in Sources */,
				72DB30AC25A41E7700D30524 /* Hike.swift in Sources */,
				72DB30A125A414C800D30524 /* RotatedBadgeSymbol.swift in Sources */,
				72DB309E25A4148600D30524 /* BadgeSymbol.swift in Sources */,
				72CBE1E825A6CD9B003E4FD8 /* ProfileEditor.swift in Sources */,
				7299C8FB25A2EE7D00D054F5 /* LandmarkList.swift in Sources */,
				72DB30BF25A41F2F00D30524 /* HikeView.swift in Sources */,
				7299C8FE25A2F03E00D054F5 /* LandmarkDetail.swift in Sources */,
				72E5316F25A40F2600CCA257 /* BadgeBackground.swift in Sources */,
				72CBE1E525A6C9B7003E4FD8 /* HikeBadge.swift in Sources */,
				7299C8E325A2DA2300D054F5 /* CircleImage.swift in Sources */,
				7299C8EC25A2E79900D054F5 /* Landmark.swift in Sources */,
				7299C8F825A2EA9700D054F5 /* LandmarkRow.swift in Sources */,
				7299C8EF25A2E94300D054F5 /* ModelData.swift in Sources */,
			);
			runOnlyForDeploymentPostprocessing = 0;
		};
/* End PBXSourcesBuildPhase section */

/* Begin XCBuildConfiguration section */
		7299C8DC25A2D21400D054F5 /* Debug */ = {
			isa = XCBuildConfiguration;
			buildSettings = {
				ALWAYS_SEARCH_USER_PATHS = NO;
				CLANG_ANALYZER_NONNULL = YES;
				CLANG_ANALYZER_NUMBER_OBJECT_CONVERSION = YES_AGGRESSIVE;
				CLANG_CXX_LANGUAGE_STANDARD = "gnu++14";
				CLANG_CXX_LIBRARY = "libc++";
				CLANG_ENABLE_MODULES = YES;
				CLANG_ENABLE_OBJC_ARC = YES;
				CLANG_ENABLE_OBJC_WEAK = YES;
				CLANG_WARN_BLOCK_CAPTURE_AUTORELEASING = YES;
				CLANG_WARN_BOOL_CONVERSION = YES;
				CLANG_WARN_COMMA = YES;
				CLANG_WARN_CONSTANT_CONVERSION = YES;
				CLANG_WARN_DEPRECATED_OBJC_IMPLEMENTATIONS = YES;
				CLANG_WARN_DIRECT_OBJC_ISA_USAGE = YES_ERROR;
				CLANG_WARN_DOCUMENTATION_COMMENTS = YES;
				CLANG_WARN_EMPTY_BODY = YES;
				CLANG_WARN_ENUM_CONVERSION = YES;
				CLANG_WARN_INFINITE_RECURSION = YES;
				CLANG_WARN_INT_CONVERSION = YES;
				CLANG_WARN_NON_LITERAL_NULL_CONVERSION = YES;
				CLANG_WARN_OBJC_IMPLICIT_RETAIN_SELF = YES;
				CLANG_WARN_OBJC_LITERAL_CONVERSION = YES;
				CLANG_WARN_OBJC_ROOT_CLASS = YES_ERROR;
				CLANG_WARN_QUOTED_INCLUDE_IN_FRAMEWORK_HEADER = YES;
				CLANG_WARN_RANGE_LOOP_ANALYSIS = YES;
				CLANG_WARN_STRICT_PROTOTYPES = YES;
				CLANG_WARN_SUSPICIOUS_MOVE = YES;
				CLANG_WARN_UNGUARDED_AVAILABILITY = YES_AGGRESSIVE;
				CLANG_WARN_UNREACHABLE_CODE = YES;
				CLANG_WARN__DUPLICATE_METHOD_MATCH = YES;
				COPY_PHASE_STRIP = NO;
				DEBUG_INFORMATION_FORMAT = dwarf;
				ENABLE_STRICT_OBJC_MSGSEND = YES;
				ENABLE_TESTABILITY = YES;
				GCC_C_LANGUAGE_STANDARD = gnu11;
				GCC_DYNAMIC_NO_PIC = NO;
				GCC_NO_COMMON_BLOCKS = YES;
				GCC_OPTIMIZATION_LEVEL = 0;
				GCC_PREPROCESSOR_DEFINITIONS = (
					"DEBUG=1",
					"$(inherited)",
				);
				GCC_WARN_64_TO_32_BIT_CONVERSION = YES;
				GCC_WARN_ABOUT_RETURN_TYPE = YES_ERROR;
				GCC_WARN_UNDECLARED_SELECTOR = YES;
				GCC_WARN_UNINITIALIZED_AUTOS = YES_AGGRESSIVE;
				GCC_WARN_UNUSED_FUNCTION = YES;
				GCC_WARN_UNUSED_VARIABLE = YES;
				IPHONEOS_DEPLOYMENT_TARGET = 14.3;
				MTL_ENABLE_DEBUG_INFO = INCLUDE_SOURCE;
				MTL_FAST_MATH = YES;
				ONLY_ACTIVE_ARCH = YES;
				SDKROOT = iphoneos;
				SWIFT_ACTIVE_COMPILATION_CONDITIONS = DEBUG;
				SWIFT_OPTIMIZATION_LEVEL = "-Onone";
			};
			name = Debug;
		};
		7299C8DD25A2D21400D054F5 /* Release */ = {
			isa = XCBuildConfiguration;
			buildSettings = {
				ALWAYS_SEARCH_USER_PATHS = NO;
				CLANG_ANALYZER_NONNULL = YES;
				CLANG_ANALYZER_NUMBER_OBJECT_CONVERSION = YES_AGGRESSIVE;
				CLANG_CXX_LANGUAGE_STANDARD = "gnu++14";
				CLANG_CXX_LIBRARY = "libc++";
				CLANG_ENABLE_MODULES = YES;
				CLANG_ENABLE_OBJC_ARC = YES;
				CLANG_ENABLE_OBJC_WEAK = YES;
				CLANG_WARN_BLOCK_CAPTURE_AUTORELEASING = YES;
				CLANG_WARN_BOOL_CONVERSION = YES;
				CLANG_WARN_COMMA = YES;
				CLANG_WARN_CONSTANT_CONVERSION = YES;
				CLANG_WARN_DEPRECATED_OBJC_IMPLEMENTATIONS = YES;
				CLANG_WARN_DIRECT_OBJC_ISA_USAGE = YES_ERROR;
				CLANG_WARN_DOCUMENTATION_COMMENTS = YES;
				CLANG_WARN_EMPTY_BODY = YES;
				CLANG_WARN_ENUM_CONVERSION = YES;
				CLANG_WARN_INFINITE_RECURSION = YES;
				CLANG_WARN_INT_CONVERSION = YES;
				CLANG_WARN_NON_LITERAL_NULL_CONVERSION = YES;
				CLANG_WARN_OBJC_IMPLICIT_RETAIN_SELF = YES;
				CLANG_WARN_OBJC_LITERAL_CONVERSION = YES;
				CLANG_WARN_OBJC_ROOT_CLASS = YES_ERROR;
				CLANG_WARN_QUOTED_INCLUDE_IN_FRAMEWORK_HEADER = YES;
				CLANG_WARN_RANGE_LOOP_ANALYSIS = YES;
				CLANG_WARN_STRICT_PROTOTYPES = YES;
				CLANG_WARN_SUSPICIOUS_MOVE = YES;
				CLANG_WARN_UNGUARDED_AVAILABILITY = YES_AGGRESSIVE;
				CLANG_WARN_UNREACHABLE_CODE = YES;
				CLANG_WARN__DUPLICATE_METHOD_MATCH = YES;
				COPY_PHASE_STRIP = NO;
				DEBUG_INFORMATION_FORMAT = "dwarf-with-dsym";
				ENABLE_NS_ASSERTIONS = NO;
				ENABLE_STRICT_OBJC_MSGSEND = YES;
				GCC_C_LANGUAGE_STANDARD = gnu11;
				GCC_NO_COMMON_BLOCKS = YES;
				GCC_WARN_64_TO_32_BIT_CONVERSION = YES;
				GCC_WARN_ABOUT_RETURN_TYPE = YES_ERROR;
				GCC_WARN_UNDECLARED_SELECTOR = YES;
				GCC_WARN_UNINITIALIZED_AUTOS = YES_AGGRESSIVE;
				GCC_WARN_UNUSED_FUNCTION = YES;
				GCC_WARN_UNUSED_VARIABLE = YES;
				IPHONEOS_DEPLOYMENT_TARGET = 14.3;
				MTL_ENABLE_DEBUG_INFO = NO;
				MTL_FAST_MATH = YES;
				SDKROOT = iphoneos;
				SWIFT_COMPILATION_MODE = wholemodule;
				SWIFT_OPTIMIZATION_LEVEL = "-O";
				VALIDATE_PRODUCT = YES;
			};
			name = Release;
		};
		7299C8DF25A2D21400D054F5 /* Debug */ = {
			isa = XCBuildConfiguration;
			buildSettings = {
				ASSETCATALOG_COMPILER_APPICON_NAME = AppIcon;
				ASSETCATALOG_COMPILER_GLOBAL_ACCENT_COLOR_NAME = AccentColor;
				CODE_SIGN_STYLE = Automatic;
				DEVELOPMENT_ASSET_PATHS = "\"Landmarks/Preview Content\"";
				DEVELOPMENT_TEAM = U85R3AC4KE;
				ENABLE_PREVIEWS = YES;
				INFOPLIST_FILE = Landmarks/Info.plist;
				IPHONEOS_DEPLOYMENT_TARGET = 14.3;
				LD_RUNPATH_SEARCH_PATHS = (
					"$(inherited)",
					"@executable_path/Frameworks",
				);
				PRODUCT_BUNDLE_IDENTIFIER = com.nathan.bellette.Landmarks;
				PRODUCT_NAME = "$(TARGET_NAME)";
				SWIFT_VERSION = 5.0;
				TARGETED_DEVICE_FAMILY = "1,2";
			};
			name = Debug;
		};
		7299C8E025A2D21400D054F5 /* Release */ = {
			isa = XCBuildConfiguration;
			buildSettings = {
				ASSETCATALOG_COMPILER_APPICON_NAME = AppIcon;
				ASSETCATALOG_COMPILER_GLOBAL_ACCENT_COLOR_NAME = AccentColor;
				CODE_SIGN_STYLE = Automatic;
				DEVELOPMENT_ASSET_PATHS = "\"Landmarks/Preview Content\"";
				DEVELOPMENT_TEAM = U85R3AC4KE;
				ENABLE_PREVIEWS = YES;
				INFOPLIST_FILE = Landmarks/Info.plist;
				IPHONEOS_DEPLOYMENT_TARGET = 14.3;
				LD_RUNPATH_SEARCH_PATHS = (
					"$(inherited)",
					"@executable_path/Frameworks",
				);
				PRODUCT_BUNDLE_IDENTIFIER = com.nathan.bellette.Landmarks;
				PRODUCT_NAME = "$(TARGET_NAME)";
				SWIFT_VERSION = 5.0;
				TARGETED_DEVICE_FAMILY = "1,2";
			};
			name = Release;
		};
/* End XCBuildConfiguration section */

/* Begin XCConfigurationList section */
		7299C8CA25A2D21400D054F5 /* Build configuration list for PBXProject "Landmarks" */ = {
			isa = XCConfigurationList;
			buildConfigurations = (
				7299C8DC25A2D21400D054F5 /* Debug */,
				7299C8DD25A2D21400D054F5 /* Release */,
			);
			defaultConfigurationIsVisible = 0;
			defaultConfigurationName = Release;
		};
		7299C8DE25A2D21400D054F5 /* Build configuration list for PBXNativeTarget "Landmarks" */ = {
			isa = XCConfigurationList;
			buildConfigurations = (
				7299C8DF25A2D21400D054F5 /* Debug */,
				7299C8E025A2D21400D054F5 /* Release */,
			);
			defaultConfigurationIsVisible = 0;
			defaultConfigurationName = Release;
		};
/* End XCConfigurationList section */
	};
	rootObject = 7299C8C725A2D21400D054F5 /* Project object */;
}
